// !$*UTF8*$!
{
	archiveVersion = 1;
	classes = {
	};
	objectVersion = 46;
	objects = {

/* Begin PBXBuildFile section */
		0438C25413E73836002A48D3 /* test.png in Resources */ = {isa = PBXBuildFile; fileRef = 0438C25313E73836002A48D3 /* test.png */; };
		0438C25713E739C3002A48D3 /* test2.png in Resources */ = {isa = PBXBuildFile; fileRef = 0438C25613E739C3002A48D3 /* test2.png */; };
		0447C7C113993DFC00C232E3 /* TKByteImage.m in Sources */ = {isa = PBXBuildFile; fileRef = 0447C7C013993DFC00C232E3 /* TKByteImage.m */; };
		04489B3413954BC50036B080 /* MainWindow-iPad.xib in Resources */ = {isa = PBXBuildFile; fileRef = 04489B3213954BC50036B080 /* MainWindow-iPad.xib */; };
		04489B3B139554D10036B080 /* BWQuincyManager.m in Sources */ = {isa = PBXBuildFile; fileRef = 04489B37139554D10036B080 /* BWQuincyManager.m */; };
		04489B3C139554D10036B080 /* CrashReporter.framework in Frameworks */ = {isa = PBXBuildFile; fileRef = 04489B38139554D10036B080 /* CrashReporter.framework */; };
		04489B3D139554D10036B080 /* LICENSE.txt in Resources */ = {isa = PBXBuildFile; fileRef = 04489B39139554D10036B080 /* LICENSE.txt */; };
		04489B3E139554D10036B080 /* Quincy.bundle in Resources */ = {isa = PBXBuildFile; fileRef = 04489B3A139554D10036B080 /* Quincy.bundle */; };
		045611D7139582E500F35301 /* Default-Landscape.png in Resources */ = {isa = PBXBuildFile; fileRef = 045611D6139582E500F35301 /* Default-Landscape.png */; };
		045611DA1395830E00F35301 /* Default.png in Resources */ = {isa = PBXBuildFile; fileRef = 045611D91395830D00F35301 /* Default.png */; };
		0487F341138DBA0F00E614D0 /* UIColor-Expanded.m in Sources */ = {isa = PBXBuildFile; fileRef = 0487F340138DBA0F00E614D0 /* UIColor-Expanded.m */; };
		04881607138D9CE900022C1F /* UIImage+Bytes.m in Sources */ = {isa = PBXBuildFile; fileRef = 04881606138D9CE900022C1F /* UIImage+Bytes.m */; };
		0488163F138DAAE700022C1F /* BWApp.m in Sources */ = {isa = PBXBuildFile; fileRef = 04881625138DAAE700022C1F /* BWApp.m */; };
		04881640138DAAE700022C1F /* BWGlobal.m in Sources */ = {isa = PBXBuildFile; fileRef = 04881627138DAAE700022C1F /* BWGlobal.m */; };
		04881641138DAAE700022C1F /* BWHockeyManager.m in Sources */ = {isa = PBXBuildFile; fileRef = 04881629138DAAE700022C1F /* BWHockeyManager.m */; };
		04881642138DAAE700022C1F /* BWHockeySettingsViewController.m in Sources */ = {isa = PBXBuildFile; fileRef = 0488162B138DAAE700022C1F /* BWHockeySettingsViewController.m */; };
		04881643138DAAE700022C1F /* BWHockeyViewController.m in Sources */ = {isa = PBXBuildFile; fileRef = 0488162D138DAAE700022C1F /* BWHockeyViewController.m */; };
		04881644138DAAE700022C1F /* NSString+HockeyAdditions.m in Sources */ = {isa = PBXBuildFile; fileRef = 04881630138DAAE700022C1F /* NSString+HockeyAdditions.m */; };
		04881645138DAAE700022C1F /* PSAppStoreHeader.m in Sources */ = {isa = PBXBuildFile; fileRef = 04881632138DAAE700022C1F /* PSAppStoreHeader.m */; };
		04881646138DAAE700022C1F /* PSStoreButton.m in Sources */ = {isa = PBXBuildFile; fileRef = 04881634138DAAE700022C1F /* PSStoreButton.m */; };
		04881647138DAAE700022C1F /* PSWebTableViewCell.m in Sources */ = {isa = PBXBuildFile; fileRef = 04881636138DAAE700022C1F /* PSWebTableViewCell.m */; };
		04881648138DAAE700022C1F /* UIImage+HockeyAdditions.m in Sources */ = {isa = PBXBuildFile; fileRef = 04881638138DAAE700022C1F /* UIImage+HockeyAdditions.m */; };
		04881649138DAAE700022C1F /* Hockey.bundle in Resources */ = {isa = PBXBuildFile; fileRef = 04881639138DAAE700022C1F /* Hockey.bundle */; };
		0488164A138DAAE700022C1F /* JSONKit.m in Sources */ = {isa = PBXBuildFile; fileRef = 0488163C138DAAE700022C1F /* JSONKit.m */; };
		0488164B138DAAE700022C1F /* README.md in Resources */ = {isa = PBXBuildFile; fileRef = 0488163D138DAAE700022C1F /* README.md */; };
		0488164C138DAAE700022C1F /* README.mkdown in Resources */ = {isa = PBXBuildFile; fileRef = 0488163E138DAAE700022C1F /* README.mkdown */; };
		0488164E138DAB1400022C1F /* SystemConfiguration.framework in Frameworks */ = {isa = PBXBuildFile; fileRef = 0488164D138DAB1400022C1F /* SystemConfiguration.framework */; };
		04881650138DAB2B00022C1F /* QuartzCore.framework in Frameworks */ = {isa = PBXBuildFile; fileRef = 0488164F138DAB2B00022C1F /* QuartzCore.framework */; };
		04965F5A1389A3A60032ADD8 /* UIKit.framework in Frameworks */ = {isa = PBXBuildFile; fileRef = 04965F591389A3A60032ADD8 /* UIKit.framework */; };
		04965F5C1389A3A60032ADD8 /* Foundation.framework in Frameworks */ = {isa = PBXBuildFile; fileRef = 04965F5B1389A3A60032ADD8 /* Foundation.framework */; };
		04965F5E1389A3A60032ADD8 /* CoreGraphics.framework in Frameworks */ = {isa = PBXBuildFile; fileRef = 04965F5D1389A3A60032ADD8 /* CoreGraphics.framework */; };
		04965F641389A3A60032ADD8 /* InfoPlist.strings in Resources */ = {isa = PBXBuildFile; fileRef = 04965F621389A3A60032ADD8 /* InfoPlist.strings */; };
		04965F671389A3A70032ADD8 /* main.m in Sources */ = {isa = PBXBuildFile; fileRef = 04965F661389A3A70032ADD8 /* main.m */; };
		04965F6A1389A3A70032ADD8 /* OrlenPOBRAppDelegate.m in Sources */ = {isa = PBXBuildFile; fileRef = 04965F691389A3A70032ADD8 /* OrlenPOBRAppDelegate.m */; };
		04965F6D1389A3A70032ADD8 /* MainWindow.xib in Resources */ = {isa = PBXBuildFile; fileRef = 04965F6B1389A3A70032ADD8 /* MainWindow.xib */; };
		04965F7E1389A3A70032ADD8 /* UIKit.framework in Frameworks */ = {isa = PBXBuildFile; fileRef = 04965F591389A3A60032ADD8 /* UIKit.framework */; };
		04965F7F1389A3A70032ADD8 /* Foundation.framework in Frameworks */ = {isa = PBXBuildFile; fileRef = 04965F5B1389A3A60032ADD8 /* Foundation.framework */; };
		04965F801389A3A70032ADD8 /* CoreGraphics.framework in Frameworks */ = {isa = PBXBuildFile; fileRef = 04965F5D1389A3A60032ADD8 /* CoreGraphics.framework */; };
		04965F881389A3A70032ADD8 /* InfoPlist.strings in Resources */ = {isa = PBXBuildFile; fileRef = 04965F861389A3A70032ADD8 /* InfoPlist.strings */; };
		04965F8B1389A3A70032ADD8 /* OrlenPOBRTests.h in Resources */ = {isa = PBXBuildFile; fileRef = 04965F8A1389A3A70032ADD8 /* OrlenPOBRTests.h */; };
		04965F8D1389A3A70032ADD8 /* OrlenPOBRTests.m in Sources */ = {isa = PBXBuildFile; fileRef = 04965F8C1389A3A70032ADD8 /* OrlenPOBRTests.m */; };
		04965F971389A3C30032ADD8 /* AVFoundation.framework in Frameworks */ = {isa = PBXBuildFile; fileRef = 04965F961389A3C30032ADD8 /* AVFoundation.framework */; };
		04965F9B1389A4060032ADD8 /* MainViewController.m in Sources */ = {isa = PBXBuildFile; fileRef = 04965F991389A4060032ADD8 /* MainViewController.m */; };
		04965F9C1389A4060032ADD8 /* MainView.xib in Resources */ = {isa = PBXBuildFile; fileRef = 04965F9A1389A4060032ADD8 /* MainView.xib */; };
		04965F9F1389A4210032ADD8 /* OvalOverlayView.m in Sources */ = {isa = PBXBuildFile; fileRef = 04965F9E1389A4210032ADD8 /* OvalOverlayView.m */; };
		04965FA31389A45C0032ADD8 /* FlipsideViewController.m in Sources */ = {isa = PBXBuildFile; fileRef = 04965FA11389A45B0032ADD8 /* FlipsideViewController.m */; };
		04965FA61389A5690032ADD8 /* FlipsideView.xib in Resources */ = {isa = PBXBuildFile; fileRef = 04965FA51389A5690032ADD8 /* FlipsideView.xib */; };
		04AAD562139422D1008F464B /* TKHelper.m in Sources */ = {isa = PBXBuildFile; fileRef = 04AAD55D139422D1008F464B /* TKHelper.m */; };
		04AAD563139422D1008F464B /* LoggerClient.m in Sources */ = {isa = PBXBuildFile; fileRef = 04AAD560139422D1008F464B /* LoggerClient.m */; };
		04AAD5701394230B008F464B /* MobileCoreServices.framework in Frameworks */ = {isa = PBXBuildFile; fileRef = 04AAD56C1394230B008F464B /* MobileCoreServices.framework */; };
		04AAD5711394230B008F464B /* ImageIO.framework in Frameworks */ = {isa = PBXBuildFile; fileRef = 04AAD56D1394230B008F464B /* ImageIO.framework */; };
		04AAD5721394230B008F464B /* CFNetwork.framework in Frameworks */ = {isa = PBXBuildFile; fileRef = 04AAD56E1394230B008F464B /* CFNetwork.framework */; };
		04AEB1271389B34F00282CBA /* icon.png in Resources */ = {isa = PBXBuildFile; fileRef = 04AEB1261389B34F00282CBA /* icon.png */; };
		04CC302F13A26F7500BCBEE3 /* orlen1.jpg in Resources */ = {isa = PBXBuildFile; fileRef = 04CC302C13A26F7500BCBEE3 /* orlen1.jpg */; };
		04CC303013A26F7500BCBEE3 /* orlen2.jpg in Resources */ = {isa = PBXBuildFile; fileRef = 04CC302D13A26F7500BCBEE3 /* orlen2.jpg */; };
		04CC303113A26F7500BCBEE3 /* orlen3.jpg in Resources */ = {isa = PBXBuildFile; fileRef = 04CC302E13A26F7500BCBEE3 /* orlen3.jpg */; };
		04DF4ADF13E86257009534CD /* test3.png in Resources */ = {isa = PBXBuildFile; fileRef = 04DF4ADE13E86257009534CD /* test3.png */; };
/* End PBXBuildFile section */

/* Begin PBXContainerItemProxy section */
		04965F811389A3A70032ADD8 /* PBXContainerItemProxy */ = {
			isa = PBXContainerItemProxy;
			containerPortal = 04965F4C1389A3A60032ADD8 /* Project object */;
			proxyType = 1;
			remoteGlobalIDString = 04965F541389A3A60032ADD8;
			remoteInfo = OrlenPOBR;
		};
/* End PBXContainerItemProxy section */

/* Begin PBXFileReference section */
		0438C25313E73836002A48D3 /* test.png */ = {isa = PBXFileReference; lastKnownFileType = image.png; path = test.png; sourceTree = "<group>"; };
		0438C25613E739C3002A48D3 /* test2.png */ = {isa = PBXFileReference; lastKnownFileType = image.png; path = test2.png; sourceTree = "<group>"; };
		0447C7BF13993DFC00C232E3 /* TKByteImage.h */ = {isa = PBXFileReference; fileEncoding = 4; lastKnownFileType = sourcecode.c.h; path = TKByteImage.h; sourceTree = "<group>"; };
		0447C7C013993DFC00C232E3 /* TKByteImage.m */ = {isa = PBXFileReference; fileEncoding = 4; lastKnownFileType = sourcecode.c.objc; path = TKByteImage.m; sourceTree = "<group>"; };
		04489B3313954BC50036B080 /* en */ = {isa = PBXFileReference; lastKnownFileType = file.xib; name = en; path = "iPad/en.lproj/MainWindow-iPad.xib"; sourceTree = "<group>"; };
		04489B36139554D10036B080 /* BWQuincyManager.h */ = {isa = PBXFileReference; fileEncoding = 4; lastKnownFileType = sourcecode.c.h; path = BWQuincyManager.h; sourceTree = "<group>"; };
		04489B37139554D10036B080 /* BWQuincyManager.m */ = {isa = PBXFileReference; fileEncoding = 4; lastKnownFileType = sourcecode.c.objc; path = BWQuincyManager.m; sourceTree = "<group>"; };
		04489B38139554D10036B080 /* CrashReporter.framework */ = {isa = PBXFileReference; lastKnownFileType = wrapper.framework; name = CrashReporter.framework; path = OrlenPOBR/QuincyKit/CrashReporter.framework; sourceTree = "<group>"; };
		04489B39139554D10036B080 /* LICENSE.txt */ = {isa = PBXFileReference; fileEncoding = 4; lastKnownFileType = text; path = LICENSE.txt; sourceTree = "<group>"; };
		04489B3A139554D10036B080 /* Quincy.bundle */ = {isa = PBXFileReference; lastKnownFileType = "wrapper.plug-in"; name = Quincy.bundle; path = QuincyKit/Quincy.bundle; sourceTree = "<group>"; };
		045611D6139582E500F35301 /* Default-Landscape.png */ = {isa = PBXFileReference; lastKnownFileType = image.png; path = "Default-Landscape.png"; sourceTree = "<group>"; };
		045611D91395830D00F35301 /* Default.png */ = {isa = PBXFileReference; lastKnownFileType = image.png; path = Default.png; sourceTree = "<group>"; };
		0487F33F138DBA0F00E614D0 /* UIColor-Expanded.h */ = {isa = PBXFileReference; fileEncoding = 4; lastKnownFileType = sourcecode.c.h; path = "UIColor-Expanded.h"; sourceTree = "<group>"; };
		0487F340138DBA0F00E614D0 /* UIColor-Expanded.m */ = {isa = PBXFileReference; fileEncoding = 4; lastKnownFileType = sourcecode.c.objc; path = "UIColor-Expanded.m"; sourceTree = "<group>"; };
		04881605138D9CE900022C1F /* UIImage+Bytes.h */ = {isa = PBXFileReference; fileEncoding = 4; lastKnownFileType = sourcecode.c.h; path = "UIImage+Bytes.h"; sourceTree = "<group>"; };
		04881606138D9CE900022C1F /* UIImage+Bytes.m */ = {isa = PBXFileReference; fileEncoding = 4; lastKnownFileType = sourcecode.c.objc; path = "UIImage+Bytes.m"; sourceTree = "<group>"; };
		04881620138D9FEF00022C1F /* TKConstants.h */ = {isa = PBXFileReference; fileEncoding = 4; lastKnownFileType = sourcecode.c.h; path = TKConstants.h; sourceTree = "<group>"; };
		04881624138DAAE700022C1F /* BWApp.h */ = {isa = PBXFileReference; fileEncoding = 4; lastKnownFileType = sourcecode.c.h; path = BWApp.h; sourceTree = "<group>"; };
		04881625138DAAE700022C1F /* BWApp.m */ = {isa = PBXFileReference; fileEncoding = 4; lastKnownFileType = sourcecode.c.objc; path = BWApp.m; sourceTree = "<group>"; };
		04881626138DAAE700022C1F /* BWGlobal.h */ = {isa = PBXFileReference; fileEncoding = 4; lastKnownFileType = sourcecode.c.h; path = BWGlobal.h; sourceTree = "<group>"; };
		04881627138DAAE700022C1F /* BWGlobal.m */ = {isa = PBXFileReference; fileEncoding = 4; lastKnownFileType = sourcecode.c.objc; path = BWGlobal.m; sourceTree = "<group>"; };
		04881628138DAAE700022C1F /* BWHockeyManager.h */ = {isa = PBXFileReference; fileEncoding = 4; lastKnownFileType = sourcecode.c.h; path = BWHockeyManager.h; sourceTree = "<group>"; };
		04881629138DAAE700022C1F /* BWHockeyManager.m */ = {isa = PBXFileReference; fileEncoding = 4; lastKnownFileType = sourcecode.c.objc; path = BWHockeyManager.m; sourceTree = "<group>"; };
		0488162A138DAAE700022C1F /* BWHockeySettingsViewController.h */ = {isa = PBXFileReference; fileEncoding = 4; lastKnownFileType = sourcecode.c.h; path = BWHockeySettingsViewController.h; sourceTree = "<group>"; };
		0488162B138DAAE700022C1F /* BWHockeySettingsViewController.m */ = {isa = PBXFileReference; fileEncoding = 4; lastKnownFileType = sourcecode.c.objc; path = BWHockeySettingsViewController.m; sourceTree = "<group>"; };
		0488162C138DAAE700022C1F /* BWHockeyViewController.h */ = {isa = PBXFileReference; fileEncoding = 4; lastKnownFileType = sourcecode.c.h; path = BWHockeyViewController.h; sourceTree = "<group>"; };
		0488162D138DAAE700022C1F /* BWHockeyViewController.m */ = {isa = PBXFileReference; fileEncoding = 4; lastKnownFileType = sourcecode.c.objc; path = BWHockeyViewController.m; sourceTree = "<group>"; };
		0488162F138DAAE700022C1F /* NSString+HockeyAdditions.h */ = {isa = PBXFileReference; fileEncoding = 4; lastKnownFileType = sourcecode.c.h; path = "NSString+HockeyAdditions.h"; sourceTree = "<group>"; };
		04881630138DAAE700022C1F /* NSString+HockeyAdditions.m */ = {isa = PBXFileReference; fileEncoding = 4; lastKnownFileType = sourcecode.c.objc; path = "NSString+HockeyAdditions.m"; sourceTree = "<group>"; };
		04881631138DAAE700022C1F /* PSAppStoreHeader.h */ = {isa = PBXFileReference; fileEncoding = 4; lastKnownFileType = sourcecode.c.h; path = PSAppStoreHeader.h; sourceTree = "<group>"; };
		04881632138DAAE700022C1F /* PSAppStoreHeader.m */ = {isa = PBXFileReference; fileEncoding = 4; lastKnownFileType = sourcecode.c.objc; path = PSAppStoreHeader.m; sourceTree = "<group>"; };
		04881633138DAAE700022C1F /* PSStoreButton.h */ = {isa = PBXFileReference; fileEncoding = 4; lastKnownFileType = sourcecode.c.h; path = PSStoreButton.h; sourceTree = "<group>"; };
		04881634138DAAE700022C1F /* PSStoreButton.m */ = {isa = PBXFileReference; fileEncoding = 4; lastKnownFileType = sourcecode.c.objc; path = PSStoreButton.m; sourceTree = "<group>"; };
		04881635138DAAE700022C1F /* PSWebTableViewCell.h */ = {isa = PBXFileReference; fileEncoding = 4; lastKnownFileType = sourcecode.c.h; path = PSWebTableViewCell.h; sourceTree = "<group>"; };
		04881636138DAAE700022C1F /* PSWebTableViewCell.m */ = {isa = PBXFileReference; fileEncoding = 4; lastKnownFileType = sourcecode.c.objc; path = PSWebTableViewCell.m; sourceTree = "<group>"; };
		04881637138DAAE700022C1F /* UIImage+HockeyAdditions.h */ = {isa = PBXFileReference; fileEncoding = 4; lastKnownFileType = sourcecode.c.h; path = "UIImage+HockeyAdditions.h"; sourceTree = "<group>"; };
		04881638138DAAE700022C1F /* UIImage+HockeyAdditions.m */ = {isa = PBXFileReference; fileEncoding = 4; lastKnownFileType = sourcecode.c.objc; path = "UIImage+HockeyAdditions.m"; sourceTree = "<group>"; };
		04881639138DAAE700022C1F /* Hockey.bundle */ = {isa = PBXFileReference; lastKnownFileType = "wrapper.plug-in"; path = Hockey.bundle; sourceTree = "<group>"; };
		0488163B138DAAE700022C1F /* JSONKit.h */ = {isa = PBXFileReference; fileEncoding = 4; lastKnownFileType = sourcecode.c.h; path = JSONKit.h; sourceTree = "<group>"; };
		0488163C138DAAE700022C1F /* JSONKit.m */ = {isa = PBXFileReference; fileEncoding = 4; lastKnownFileType = sourcecode.c.objc; path = JSONKit.m; sourceTree = "<group>"; };
		0488163D138DAAE700022C1F /* README.md */ = {isa = PBXFileReference; fileEncoding = 4; lastKnownFileType = text; path = README.md; sourceTree = "<group>"; };
		0488163E138DAAE700022C1F /* README.mkdown */ = {isa = PBXFileReference; fileEncoding = 4; lastKnownFileType = text; path = README.mkdown; sourceTree = "<group>"; };
		0488164D138DAB1400022C1F /* SystemConfiguration.framework */ = {isa = PBXFileReference; lastKnownFileType = wrapper.framework; name = SystemConfiguration.framework; path = System/Library/Frameworks/SystemConfiguration.framework; sourceTree = SDKROOT; };
		0488164F138DAB2B00022C1F /* QuartzCore.framework */ = {isa = PBXFileReference; lastKnownFileType = wrapper.framework; name = QuartzCore.framework; path = System/Library/Frameworks/QuartzCore.framework; sourceTree = SDKROOT; };
		04965F551389A3A60032ADD8 /* OrlenPOBR.app */ = {isa = PBXFileReference; explicitFileType = wrapper.application; includeInIndex = 0; path = OrlenPOBR.app; sourceTree = BUILT_PRODUCTS_DIR; };
		04965F591389A3A60032ADD8 /* UIKit.framework */ = {isa = PBXFileReference; lastKnownFileType = wrapper.framework; name = UIKit.framework; path = System/Library/Frameworks/UIKit.framework; sourceTree = SDKROOT; };
		04965F5B1389A3A60032ADD8 /* Foundation.framework */ = {isa = PBXFileReference; lastKnownFileType = wrapper.framework; name = Foundation.framework; path = System/Library/Frameworks/Foundation.framework; sourceTree = SDKROOT; };
		04965F5D1389A3A60032ADD8 /* CoreGraphics.framework */ = {isa = PBXFileReference; lastKnownFileType = wrapper.framework; name = CoreGraphics.framework; path = System/Library/Frameworks/CoreGraphics.framework; sourceTree = SDKROOT; };
		04965F611389A3A60032ADD8 /* OrlenPOBR-Info.plist */ = {isa = PBXFileReference; lastKnownFileType = text.plist.xml; path = "OrlenPOBR-Info.plist"; sourceTree = "<group>"; };
		04965F631389A3A60032ADD8 /* en */ = {isa = PBXFileReference; lastKnownFileType = text.plist.strings; name = en; path = en.lproj/InfoPlist.strings; sourceTree = "<group>"; };
		04965F651389A3A60032ADD8 /* OrlenPOBR-Prefix.pch */ = {isa = PBXFileReference; lastKnownFileType = sourcecode.c.h; path = "OrlenPOBR-Prefix.pch"; sourceTree = "<group>"; };
		04965F661389A3A70032ADD8 /* main.m */ = {isa = PBXFileReference; lastKnownFileType = sourcecode.c.objc; path = main.m; sourceTree = "<group>"; };
		04965F681389A3A70032ADD8 /* OrlenPOBRAppDelegate.h */ = {isa = PBXFileReference; lastKnownFileType = sourcecode.c.h; path = OrlenPOBRAppDelegate.h; sourceTree = "<group>"; };
		04965F691389A3A70032ADD8 /* OrlenPOBRAppDelegate.m */ = {isa = PBXFileReference; lastKnownFileType = sourcecode.c.objc; path = OrlenPOBRAppDelegate.m; sourceTree = "<group>"; };
		04965F6C1389A3A70032ADD8 /* en */ = {isa = PBXFileReference; lastKnownFileType = file.xib; name = en; path = en.lproj/MainWindow.xib; sourceTree = "<group>"; };
		04965F7D1389A3A70032ADD8 /* OrlenPOBRTests.octest */ = {isa = PBXFileReference; explicitFileType = wrapper.cfbundle; includeInIndex = 0; path = OrlenPOBRTests.octest; sourceTree = BUILT_PRODUCTS_DIR; };
		04965F851389A3A70032ADD8 /* OrlenPOBRTests-Info.plist */ = {isa = PBXFileReference; lastKnownFileType = text.plist.xml; path = "OrlenPOBRTests-Info.plist"; sourceTree = "<group>"; };
		04965F871389A3A70032ADD8 /* en */ = {isa = PBXFileReference; lastKnownFileType = text.plist.strings; name = en; path = en.lproj/InfoPlist.strings; sourceTree = "<group>"; };
		04965F891389A3A70032ADD8 /* OrlenPOBRTests-Prefix.pch */ = {isa = PBXFileReference; lastKnownFileType = sourcecode.c.h; path = "OrlenPOBRTests-Prefix.pch"; sourceTree = "<group>"; };
		04965F8A1389A3A70032ADD8 /* OrlenPOBRTests.h */ = {isa = PBXFileReference; lastKnownFileType = sourcecode.c.h; path = OrlenPOBRTests.h; sourceTree = "<group>"; };
		04965F8C1389A3A70032ADD8 /* OrlenPOBRTests.m */ = {isa = PBXFileReference; lastKnownFileType = sourcecode.c.objc; path = OrlenPOBRTests.m; sourceTree = "<group>"; };
		04965F961389A3C30032ADD8 /* AVFoundation.framework */ = {isa = PBXFileReference; lastKnownFileType = wrapper.framework; name = AVFoundation.framework; path = System/Library/Frameworks/AVFoundation.framework; sourceTree = SDKROOT; };
		04965F981389A4060032ADD8 /* MainViewController.h */ = {isa = PBXFileReference; fileEncoding = 4; lastKnownFileType = sourcecode.c.h; path = MainViewController.h; sourceTree = "<group>"; };
		04965F991389A4060032ADD8 /* MainViewController.m */ = {isa = PBXFileReference; fileEncoding = 4; lastKnownFileType = sourcecode.c.objc; path = MainViewController.m; sourceTree = "<group>"; };
		04965F9A1389A4060032ADD8 /* MainView.xib */ = {isa = PBXFileReference; fileEncoding = 4; lastKnownFileType = file.xib; path = MainView.xib; sourceTree = "<group>"; };
		04965F9D1389A4210032ADD8 /* OvalOverlayView.h */ = {isa = PBXFileReference; fileEncoding = 4; lastKnownFileType = sourcecode.c.h; path = OvalOverlayView.h; sourceTree = "<group>"; };
		04965F9E1389A4210032ADD8 /* OvalOverlayView.m */ = {isa = PBXFileReference; fileEncoding = 4; lastKnownFileType = sourcecode.c.objc; path = OvalOverlayView.m; sourceTree = "<group>"; };
		04965FA01389A45B0032ADD8 /* FlipsideViewController.h */ = {isa = PBXFileReference; fileEncoding = 4; lastKnownFileType = sourcecode.c.h; path = FlipsideViewController.h; sourceTree = "<group>"; };
		04965FA11389A45B0032ADD8 /* FlipsideViewController.m */ = {isa = PBXFileReference; fileEncoding = 4; lastKnownFileType = sourcecode.c.objc; path = FlipsideViewController.m; sourceTree = "<group>"; };
		04965FA51389A5690032ADD8 /* FlipsideView.xib */ = {isa = PBXFileReference; fileEncoding = 4; lastKnownFileType = file.xib; path = FlipsideView.xib; sourceTree = "<group>"; };
		04AAD55C139422D1008F464B /* TKHelper.h */ = {isa = PBXFileReference; fileEncoding = 4; lastKnownFileType = sourcecode.c.h; path = TKHelper.h; sourceTree = "<group>"; };
		04AAD55D139422D1008F464B /* TKHelper.m */ = {isa = PBXFileReference; fileEncoding = 4; lastKnownFileType = sourcecode.c.objc; path = TKHelper.m; sourceTree = "<group>"; };
		04AAD55F139422D1008F464B /* LoggerClient.h */ = {isa = PBXFileReference; fileEncoding = 4; lastKnownFileType = sourcecode.c.h; path = LoggerClient.h; sourceTree = "<group>"; };
		04AAD560139422D1008F464B /* LoggerClient.m */ = {isa = PBXFileReference; fileEncoding = 4; lastKnownFileType = sourcecode.c.objc; path = LoggerClient.m; sourceTree = "<group>"; };
		04AAD561139422D1008F464B /* LoggerCommon.h */ = {isa = PBXFileReference; fileEncoding = 4; lastKnownFileType = sourcecode.c.h; path = LoggerCommon.h; sourceTree = "<group>"; };
		04AAD56C1394230B008F464B /* MobileCoreServices.framework */ = {isa = PBXFileReference; lastKnownFileType = wrapper.framework; name = MobileCoreServices.framework; path = System/Library/Frameworks/MobileCoreServices.framework; sourceTree = SDKROOT; };
		04AAD56D1394230B008F464B /* ImageIO.framework */ = {isa = PBXFileReference; lastKnownFileType = wrapper.framework; name = ImageIO.framework; path = System/Library/Frameworks/ImageIO.framework; sourceTree = SDKROOT; };
		04AAD56E1394230B008F464B /* CFNetwork.framework */ = {isa = PBXFileReference; lastKnownFileType = wrapper.framework; name = CFNetwork.framework; path = System/Library/Frameworks/CFNetwork.framework; sourceTree = SDKROOT; };
		04AAD56F1394230B008F464B /* SystemConfiguration.framework */ = {isa = PBXFileReference; lastKnownFileType = wrapper.framework; name = SystemConfiguration.framework; path = System/Library/Frameworks/SystemConfiguration.framework; sourceTree = SDKROOT; };
		04AEB1261389B34F00282CBA /* icon.png */ = {isa = PBXFileReference; lastKnownFileType = image.png; path = icon.png; sourceTree = "<group>"; };
		04BD366213C3AE1F001E8BF3 /* NonRecursiveFill.h */ = {isa = PBXFileReference; fileEncoding = 4; lastKnownFileType = sourcecode.c.h; path = NonRecursiveFill.h; sourceTree = "<group>"; };
		04CC302C13A26F7500BCBEE3 /* orlen1.jpg */ = {isa = PBXFileReference; lastKnownFileType = image.jpeg; name = orlen1.jpg; path = ../../orlen1.jpg; sourceTree = "<group>"; };
		04CC302D13A26F7500BCBEE3 /* orlen2.jpg */ = {isa = PBXFileReference; lastKnownFileType = image.jpeg; name = orlen2.jpg; path = ../../orlen2.jpg; sourceTree = "<group>"; };
		04CC302E13A26F7500BCBEE3 /* orlen3.jpg */ = {isa = PBXFileReference; lastKnownFileType = image.jpeg; name = orlen3.jpg; path = ../../orlen3.jpg; sourceTree = "<group>"; };
		04DF4ADE13E86257009534CD /* test3.png */ = {isa = PBXFileReference; lastKnownFileType = image.png; path = test3.png; sourceTree = "<group>"; };
/* End PBXFileReference section */

/* Begin PBXFrameworksBuildPhase section */
		04965F521389A3A60032ADD8 /* Frameworks */ = {
			isa = PBXFrameworksBuildPhase;
			buildActionMask = 2147483647;
			files = (
				04965F5A1389A3A60032ADD8 /* UIKit.framework in Frameworks */,
				04965F5C1389A3A60032ADD8 /* Foundation.framework in Frameworks */,
				04965F5E1389A3A60032ADD8 /* CoreGraphics.framework in Frameworks */,
				04965F971389A3C30032ADD8 /* AVFoundation.framework in Frameworks */,
				0488164E138DAB1400022C1F /* SystemConfiguration.framework in Frameworks */,
				04881650138DAB2B00022C1F /* QuartzCore.framework in Frameworks */,
				04AAD5701394230B008F464B /* MobileCoreServices.framework in Frameworks */,
				04AAD5711394230B008F464B /* ImageIO.framework in Frameworks */,
				04AAD5721394230B008F464B /* CFNetwork.framework in Frameworks */,
				04489B3C139554D10036B080 /* CrashReporter.framework in Frameworks */,
			);
			runOnlyForDeploymentPostprocessing = 0;
		};
		04965F791389A3A70032ADD8 /* Frameworks */ = {
			isa = PBXFrameworksBuildPhase;
			buildActionMask = 2147483647;
			files = (
				04965F7E1389A3A70032ADD8 /* UIKit.framework in Frameworks */,
				04965F7F1389A3A70032ADD8 /* Foundation.framework in Frameworks */,
				04965F801389A3A70032ADD8 /* CoreGraphics.framework in Frameworks */,
			);
			runOnlyForDeploymentPostprocessing = 0;
		};
/* End PBXFrameworksBuildPhase section */

/* Begin PBXGroup section */
		04489B3113954BC20036B080 /* iPad */ = {
			isa = PBXGroup;
			children = (
				04489B3213954BC50036B080 /* MainWindow-iPad.xib */,
			);
			name = iPad;
			sourceTree = "<group>";
		};
		04489B35139554D10036B080 /* QuincyKit */ = {
			isa = PBXGroup;
			children = (
				04489B36139554D10036B080 /* BWQuincyManager.h */,
				04489B37139554D10036B080 /* BWQuincyManager.m */,
				04489B39139554D10036B080 /* LICENSE.txt */,
			);
			path = QuincyKit;
			sourceTree = "<group>";
		};
		04881623138DAADA00022C1F /* HockeyKit */ = {
			isa = PBXGroup;
			children = (
				04881624138DAAE700022C1F /* BWApp.h */,
				04881625138DAAE700022C1F /* BWApp.m */,
				04881626138DAAE700022C1F /* BWGlobal.h */,
				04881627138DAAE700022C1F /* BWGlobal.m */,
				04881628138DAAE700022C1F /* BWHockeyManager.h */,
				04881629138DAAE700022C1F /* BWHockeyManager.m */,
				0488162A138DAAE700022C1F /* BWHockeySettingsViewController.h */,
				0488162B138DAAE700022C1F /* BWHockeySettingsViewController.m */,
				0488162C138DAAE700022C1F /* BWHockeyViewController.h */,
				0488162D138DAAE700022C1F /* BWHockeyViewController.m */,
				0488162E138DAAE700022C1F /* Helper */,
				04881639138DAAE700022C1F /* Hockey.bundle */,
				0488163A138DAAE700022C1F /* JSON */,
				0488163E138DAAE700022C1F /* README.mkdown */,
			);
			name = HockeyKit;
			sourceTree = "<group>";
		};
		0488162E138DAAE700022C1F /* Helper */ = {
			isa = PBXGroup;
			children = (
				0488162F138DAAE700022C1F /* NSString+HockeyAdditions.h */,
				04881630138DAAE700022C1F /* NSString+HockeyAdditions.m */,
				04881631138DAAE700022C1F /* PSAppStoreHeader.h */,
				04881632138DAAE700022C1F /* PSAppStoreHeader.m */,
				04881633138DAAE700022C1F /* PSStoreButton.h */,
				04881634138DAAE700022C1F /* PSStoreButton.m */,
				04881635138DAAE700022C1F /* PSWebTableViewCell.h */,
				04881636138DAAE700022C1F /* PSWebTableViewCell.m */,
				04881637138DAAE700022C1F /* UIImage+HockeyAdditions.h */,
				04881638138DAAE700022C1F /* UIImage+HockeyAdditions.m */,
			);
			path = Helper;
			sourceTree = "<group>";
		};
		0488163A138DAAE700022C1F /* JSON */ = {
			isa = PBXGroup;
			children = (
				0488163B138DAAE700022C1F /* JSONKit.h */,
				0488163C138DAAE700022C1F /* JSONKit.m */,
				0488163D138DAAE700022C1F /* README.md */,
			);
			path = JSON;
			sourceTree = "<group>";
		};
		04965F4A1389A3A60032ADD8 = {
			isa = PBXGroup;
			children = (
				045611D91395830D00F35301 /* Default.png */,
				045611D6139582E500F35301 /* Default-Landscape.png */,
				04AEB1261389B34F00282CBA /* icon.png */,
				04965F5F1389A3A60032ADD8 /* OrlenPOBR */,
				04965F831389A3A70032ADD8 /* OrlenPOBRTests */,
				04965F581389A3A60032ADD8 /* Frameworks */,
				04965F561389A3A60032ADD8 /* Products */,
			);
			sourceTree = "<group>";
		};
		04965F561389A3A60032ADD8 /* Products */ = {
			isa = PBXGroup;
			children = (
				04965F551389A3A60032ADD8 /* OrlenPOBR.app */,
				04965F7D1389A3A70032ADD8 /* OrlenPOBRTests.octest */,
			);
			name = Products;
			sourceTree = "<group>";
		};
		04965F581389A3A60032ADD8 /* Frameworks */ = {
			isa = PBXGroup;
			children = (
				04489B38139554D10036B080 /* CrashReporter.framework */,
				04AAD56C1394230B008F464B /* MobileCoreServices.framework */,
				04AAD56D1394230B008F464B /* ImageIO.framework */,
				04AAD56E1394230B008F464B /* CFNetwork.framework */,
				04AAD56F1394230B008F464B /* SystemConfiguration.framework */,
				0488164F138DAB2B00022C1F /* QuartzCore.framework */,
				0488164D138DAB1400022C1F /* SystemConfiguration.framework */,
				04965F961389A3C30032ADD8 /* AVFoundation.framework */,
				04965F591389A3A60032ADD8 /* UIKit.framework */,
				04965F5B1389A3A60032ADD8 /* Foundation.framework */,
				04965F5D1389A3A60032ADD8 /* CoreGraphics.framework */,
			);
			name = Frameworks;
			sourceTree = "<group>";
		};
		04965F5F1389A3A60032ADD8 /* OrlenPOBR */ = {
			isa = PBXGroup;
			children = (
				04489B3113954BC20036B080 /* iPad */,
				04AAD55C139422D1008F464B /* TKHelper.h */,
				04AAD55D139422D1008F464B /* TKHelper.m */,
				04489B35139554D10036B080 /* QuincyKit */,
				04AAD55E139422D1008F464B /* NSLogger */,
				04881623138DAADA00022C1F /* HockeyKit */,
				04965F681389A3A70032ADD8 /* OrlenPOBRAppDelegate.h */,
				04965F691389A3A70032ADD8 /* OrlenPOBRAppDelegate.m */,
				04965F981389A4060032ADD8 /* MainViewController.h */,
				04965F991389A4060032ADD8 /* MainViewController.m */,
				04965FA01389A45B0032ADD8 /* FlipsideViewController.h */,
				04965FA11389A45B0032ADD8 /* FlipsideViewController.m */,
				04881605138D9CE900022C1F /* UIImage+Bytes.h */,
				04881606138D9CE900022C1F /* UIImage+Bytes.m */,
				0487F33F138DBA0F00E614D0 /* UIColor-Expanded.h */,
				0487F340138DBA0F00E614D0 /* UIColor-Expanded.m */,
				04965F9D1389A4210032ADD8 /* OvalOverlayView.h */,
				04965F9E1389A4210032ADD8 /* OvalOverlayView.m */,
				04881620138D9FEF00022C1F /* TKConstants.h */,
				04BD366213C3AE1F001E8BF3 /* NonRecursiveFill.h */,
				0447C7BF13993DFC00C232E3 /* TKByteImage.h */,
				0447C7C013993DFC00C232E3 /* TKByteImage.m */,
				04965F6B1389A3A70032ADD8 /* MainWindow.xib */,
				04965F9A1389A4060032ADD8 /* MainView.xib */,
				04965FA51389A5690032ADD8 /* FlipsideView.xib */,
				04965F601389A3A60032ADD8 /* Supporting Files */,
			);
			path = OrlenPOBR;
			sourceTree = "<group>";
		};
		04965F601389A3A60032ADD8 /* Supporting Files */ = {
			isa = PBXGroup;
			children = (
				0438C25313E73836002A48D3 /* test.png */,
				0438C25613E739C3002A48D3 /* test2.png */,
				04DF4ADE13E86257009534CD /* test3.png */,
				04CC302C13A26F7500BCBEE3 /* orlen1.jpg */,
				04CC302D13A26F7500BCBEE3 /* orlen2.jpg */,
				04CC302E13A26F7500BCBEE3 /* orlen3.jpg */,
				04965F611389A3A60032ADD8 /* OrlenPOBR-Info.plist */,
				04489B3A139554D10036B080 /* Quincy.bundle */,
				04965F621389A3A60032ADD8 /* InfoPlist.strings */,
				04965F651389A3A60032ADD8 /* OrlenPOBR-Prefix.pch */,
				04965F661389A3A70032ADD8 /* main.m */,
			);
			name = "Supporting Files";
			sourceTree = "<group>";
		};
		04965F831389A3A70032ADD8 /* OrlenPOBRTests */ = {
			isa = PBXGroup;
			children = (
				04965F8A1389A3A70032ADD8 /* OrlenPOBRTests.h */,
				04965F8C1389A3A70032ADD8 /* OrlenPOBRTests.m */,
				04965F841389A3A70032ADD8 /* Supporting Files */,
			);
			path = OrlenPOBRTests;
			sourceTree = "<group>";
		};
		04965F841389A3A70032ADD8 /* Supporting Files */ = {
			isa = PBXGroup;
			children = (
				04965F851389A3A70032ADD8 /* OrlenPOBRTests-Info.plist */,
				04965F861389A3A70032ADD8 /* InfoPlist.strings */,
				04965F891389A3A70032ADD8 /* OrlenPOBRTests-Prefix.pch */,
			);
			name = "Supporting Files";
			sourceTree = "<group>";
		};
		04AAD55E139422D1008F464B /* NSLogger */ = {
			isa = PBXGroup;
			children = (
				04AAD55F139422D1008F464B /* LoggerClient.h */,
				04AAD560139422D1008F464B /* LoggerClient.m */,
				04AAD561139422D1008F464B /* LoggerCommon.h */,
			);
			path = NSLogger;
			sourceTree = "<group>";
		};
/* End PBXGroup section */

/* Begin PBXNativeTarget section */
		04965F541389A3A60032ADD8 /* OrlenPOBR */ = {
			isa = PBXNativeTarget;
			buildConfigurationList = 04965F901389A3A70032ADD8 /* Build configuration list for PBXNativeTarget "OrlenPOBR" */;
			buildPhases = (
				04965F511389A3A60032ADD8 /* Sources */,
				04965F521389A3A60032ADD8 /* Frameworks */,
				04965F531389A3A60032ADD8 /* Resources */,
			);
			buildRules = (
			);
			dependencies = (
			);
			name = OrlenPOBR;
			productName = OrlenPOBR;
			productReference = 04965F551389A3A60032ADD8 /* OrlenPOBR.app */;
			productType = "com.apple.product-type.application";
		};
		04965F7C1389A3A70032ADD8 /* OrlenPOBRTests */ = {
			isa = PBXNativeTarget;
			buildConfigurationList = 04965F931389A3A70032ADD8 /* Build configuration list for PBXNativeTarget "OrlenPOBRTests" */;
			buildPhases = (
				04965F781389A3A70032ADD8 /* Sources */,
				04965F791389A3A70032ADD8 /* Frameworks */,
				04965F7A1389A3A70032ADD8 /* Resources */,
				04965F7B1389A3A70032ADD8 /* ShellScript */,
			);
			buildRules = (
			);
			dependencies = (
				04965F821389A3A70032ADD8 /* PBXTargetDependency */,
			);
			name = OrlenPOBRTests;
			productName = OrlenPOBRTests;
			productReference = 04965F7D1389A3A70032ADD8 /* OrlenPOBRTests.octest */;
			productType = "com.apple.product-type.bundle";
		};
/* End PBXNativeTarget section */

/* Begin PBXProject section */
		04965F4C1389A3A60032ADD8 /* Project object */ = {
			isa = PBXProject;
			attributes = {
				LastUpgradeCheck = 0420;
			};
			buildConfigurationList = 04965F4F1389A3A60032ADD8 /* Build configuration list for PBXProject "OrlenPOBR" */;
			compatibilityVersion = "Xcode 3.2";
			developmentRegion = English;
			hasScannedForEncodings = 0;
			knownRegions = (
				en,
			);
			mainGroup = 04965F4A1389A3A60032ADD8;
			productRefGroup = 04965F561389A3A60032ADD8 /* Products */;
			projectDirPath = "";
			projectRoot = "";
			targets = (
				04965F541389A3A60032ADD8 /* OrlenPOBR */,
				04965F7C1389A3A70032ADD8 /* OrlenPOBRTests */,
			);
		};
/* End PBXProject section */

/* Begin PBXResourcesBuildPhase section */
		04965F531389A3A60032ADD8 /* Resources */ = {
			isa = PBXResourcesBuildPhase;
			buildActionMask = 2147483647;
			files = (
				04965F641389A3A60032ADD8 /* InfoPlist.strings in Resources */,
				04965F6D1389A3A70032ADD8 /* MainWindow.xib in Resources */,
				04965F9C1389A4060032ADD8 /* MainView.xib in Resources */,
				04965FA61389A5690032ADD8 /* FlipsideView.xib in Resources */,
				04AEB1271389B34F00282CBA /* icon.png in Resources */,
				04881649138DAAE700022C1F /* Hockey.bundle in Resources */,
				0488164B138DAAE700022C1F /* README.md in Resources */,
				0488164C138DAAE700022C1F /* README.mkdown in Resources */,
				04489B3413954BC50036B080 /* MainWindow-iPad.xib in Resources */,
				04489B3D139554D10036B080 /* LICENSE.txt in Resources */,
				04489B3E139554D10036B080 /* Quincy.bundle in Resources */,
				045611D7139582E500F35301 /* Default-Landscape.png in Resources */,
				045611DA1395830E00F35301 /* Default.png in Resources */,
				04CC302F13A26F7500BCBEE3 /* orlen1.jpg in Resources */,
				04CC303013A26F7500BCBEE3 /* orlen2.jpg in Resources */,
				04CC303113A26F7500BCBEE3 /* orlen3.jpg in Resources */,
				0438C25413E73836002A48D3 /* test.png in Resources */,
				0438C25713E739C3002A48D3 /* test2.png in Resources */,
				04DF4ADF13E86257009534CD /* test3.png in Resources */,
			);
			runOnlyForDeploymentPostprocessing = 0;
		};
		04965F7A1389A3A70032ADD8 /* Resources */ = {
			isa = PBXResourcesBuildPhase;
			buildActionMask = 2147483647;
			files = (
				04965F881389A3A70032ADD8 /* InfoPlist.strings in Resources */,
				04965F8B1389A3A70032ADD8 /* OrlenPOBRTests.h in Resources */,
			);
			runOnlyForDeploymentPostprocessing = 0;
		};
/* End PBXResourcesBuildPhase section */

/* Begin PBXShellScriptBuildPhase section */
		04965F7B1389A3A70032ADD8 /* ShellScript */ = {
			isa = PBXShellScriptBuildPhase;
			buildActionMask = 2147483647;
			files = (
			);
			inputPaths = (
			);
			outputPaths = (
			);
			runOnlyForDeploymentPostprocessing = 0;
			shellPath = /bin/sh;
			shellScript = "# Run the unit tests in this test bundle.\n\"${SYSTEM_DEVELOPER_DIR}/Tools/RunUnitTests\"\n";
		};
/* End PBXShellScriptBuildPhase section */

/* Begin PBXSourcesBuildPhase section */
		04965F511389A3A60032ADD8 /* Sources */ = {
			isa = PBXSourcesBuildPhase;
			buildActionMask = 2147483647;
			files = (
				04965F671389A3A70032ADD8 /* main.m in Sources */,
				04965F6A1389A3A70032ADD8 /* OrlenPOBRAppDelegate.m in Sources */,
				04965F9B1389A4060032ADD8 /* MainViewController.m in Sources */,
				04965F9F1389A4210032ADD8 /* OvalOverlayView.m in Sources */,
				04965FA31389A45C0032ADD8 /* FlipsideViewController.m in Sources */,
				04881607138D9CE900022C1F /* UIImage+Bytes.m in Sources */,
				0488163F138DAAE700022C1F /* BWApp.m in Sources */,
				04881640138DAAE700022C1F /* BWGlobal.m in Sources */,
				04881641138DAAE700022C1F /* BWHockeyManager.m in Sources */,
				04881642138DAAE700022C1F /* BWHockeySettingsViewController.m in Sources */,
				04881643138DAAE700022C1F /* BWHockeyViewController.m in Sources */,
				04881644138DAAE700022C1F /* NSString+HockeyAdditions.m in Sources */,
				04881645138DAAE700022C1F /* PSAppStoreHeader.m in Sources */,
				04881646138DAAE700022C1F /* PSStoreButton.m in Sources */,
				04881647138DAAE700022C1F /* PSWebTableViewCell.m in Sources */,
				04881648138DAAE700022C1F /* UIImage+HockeyAdditions.m in Sources */,
				0488164A138DAAE700022C1F /* JSONKit.m in Sources */,
				0487F341138DBA0F00E614D0 /* UIColor-Expanded.m in Sources */,
				04AAD562139422D1008F464B /* TKHelper.m in Sources */,
				04AAD563139422D1008F464B /* LoggerClient.m in Sources */,
				04489B3B139554D10036B080 /* BWQuincyManager.m in Sources */,
				0447C7C113993DFC00C232E3 /* TKByteImage.m in Sources */,
			);
			runOnlyForDeploymentPostprocessing = 0;
		};
		04965F781389A3A70032ADD8 /* Sources */ = {
			isa = PBXSourcesBuildPhase;
			buildActionMask = 2147483647;
			files = (
				04965F8D1389A3A70032ADD8 /* OrlenPOBRTests.m in Sources */,
			);
			runOnlyForDeploymentPostprocessing = 0;
		};
/* End PBXSourcesBuildPhase section */

/* Begin PBXTargetDependency section */
		04965F821389A3A70032ADD8 /* PBXTargetDependency */ = {
			isa = PBXTargetDependency;
			target = 04965F541389A3A60032ADD8 /* OrlenPOBR */;
			targetProxy = 04965F811389A3A70032ADD8 /* PBXContainerItemProxy */;
		};
/* End PBXTargetDependency section */

/* Begin PBXVariantGroup section */
		04489B3213954BC50036B080 /* MainWindow-iPad.xib */ = {
			isa = PBXVariantGroup;
			children = (
				04489B3313954BC50036B080 /* en */,
			);
			name = "MainWindow-iPad.xib";
			sourceTree = "<group>";
		};
		04965F621389A3A60032ADD8 /* InfoPlist.strings */ = {
			isa = PBXVariantGroup;
			children = (
				04965F631389A3A60032ADD8 /* en */,
			);
			name = InfoPlist.strings;
			sourceTree = "<group>";
		};
		04965F6B1389A3A70032ADD8 /* MainWindow.xib */ = {
			isa = PBXVariantGroup;
			children = (
				04965F6C1389A3A70032ADD8 /* en */,
			);
			name = MainWindow.xib;
			sourceTree = "<group>";
		};
		04965F861389A3A70032ADD8 /* InfoPlist.strings */ = {
			isa = PBXVariantGroup;
			children = (
				04965F871389A3A70032ADD8 /* en */,
			);
			name = InfoPlist.strings;
			sourceTree = "<group>";
		};
/* End PBXVariantGroup section */

/* Begin XCBuildConfiguration section */
		04965F8E1389A3A70032ADD8 /* Debug */ = {
			isa = XCBuildConfiguration;
			buildSettings = {
				ARCHS = "$(ARCHS_STANDARD_32_BIT)";
				"CODE_SIGN_IDENTITY[sdk=iphoneos*]" = "iPhone Developer";
				GCC_C_LANGUAGE_STANDARD = gnu99;
				GCC_OPTIMIZATION_LEVEL = 0;
				GCC_PREPROCESSOR_DEFINITIONS = DEBUG;
				GCC_SYMBOLS_PRIVATE_EXTERN = NO;
				GCC_VERSION = com.apple.compilers.llvmgcc42;
				GCC_WARN_ABOUT_MISSING_PROTOTYPES = YES;
				GCC_WARN_ABOUT_RETURN_TYPE = YES;
				GCC_WARN_UNUSED_VARIABLE = YES;
				IPHONEOS_DEPLOYMENT_TARGET = 4.0;
				SDKROOT = iphoneos;
			};
			name = Debug;
		};
		04965F8F1389A3A70032ADD8 /* Release */ = {
			isa = XCBuildConfiguration;
			buildSettings = {
				ARCHS = "$(ARCHS_STANDARD_32_BIT)";
				"CODE_SIGN_IDENTITY[sdk=iphoneos*]" = "iPhone Developer";
				GCC_C_LANGUAGE_STANDARD = gnu99;
				GCC_VERSION = com.apple.compilers.llvmgcc42;
				GCC_WARN_ABOUT_MISSING_PROTOTYPES = YES;
				GCC_WARN_ABOUT_RETURN_TYPE = YES;
				GCC_WARN_UNUSED_VARIABLE = YES;
				IPHONEOS_DEPLOYMENT_TARGET = 4.0;
				OTHER_CFLAGS = "-DNS_BLOCK_ASSERTIONS=1";
				SDKROOT = iphoneos;
			};
			name = Release;
		};
		04965F911389A3A70032ADD8 /* Debug */ = {
			isa = XCBuildConfiguration;
			buildSettings = {
				ALWAYS_SEARCH_USER_PATHS = NO;
				COPY_PHASE_STRIP = NO;
				FRAMEWORK_SEARCH_PATHS = (
					"$(inherited)",
					"\"$(SRCROOT)/OrlenPOBR/QuincyKit\"",
				);
				GCC_DYNAMIC_NO_PIC = NO;
				GCC_PRECOMPILE_PREFIX_HEADER = YES;
				GCC_PREFIX_HEADER = "OrlenPOBR/OrlenPOBR-Prefix.pch";
				"GCC_PREPROCESSOR_DEFINITIONS[arch=*]" = "CONFIGURATION_$(CONFIGURATION)";
				INFOPLIST_FILE = "OrlenPOBR/OrlenPOBR-Info.plist";
				IPHONEOS_DEPLOYMENT_TARGET = 4.0;
				OTHER_LDFLAGS = "-all_load";
				PRODUCT_NAME = "$(TARGET_NAME)";
				TARGETED_DEVICE_FAMILY = "1,2";
				WRAPPER_EXTENSION = app;
			};
			name = Debug;
		};
		04965F921389A3A70032ADD8 /* Release */ = {
			isa = XCBuildConfiguration;
			buildSettings = {
				ALWAYS_SEARCH_USER_PATHS = NO;
				COPY_PHASE_STRIP = YES;
				FRAMEWORK_SEARCH_PATHS = (
					"$(inherited)",
					"\"$(SRCROOT)/OrlenPOBR/QuincyKit\"",
				);
				GCC_PRECOMPILE_PREFIX_HEADER = YES;
				GCC_PREFIX_HEADER = "OrlenPOBR/OrlenPOBR-Prefix.pch";
				INFOPLIST_FILE = "OrlenPOBR/OrlenPOBR-Info.plist";
				IPHONEOS_DEPLOYMENT_TARGET = 4.0;
				OTHER_LDFLAGS = "-all_load";
				PRODUCT_NAME = "$(TARGET_NAME)";
				TARGETED_DEVICE_FAMILY = "1,2";
				VALIDATE_PRODUCT = YES;
				WRAPPER_EXTENSION = app;
			};
			name = Release;
		};
		04965F941389A3A70032ADD8 /* Debug */ = {
			isa = XCBuildConfiguration;
			buildSettings = {
				ALWAYS_SEARCH_USER_PATHS = NO;
				BUNDLE_LOADER = "$(BUILT_PRODUCTS_DIR)/OrlenPOBR.app/OrlenPOBR";
				FRAMEWORK_SEARCH_PATHS = (
					"$(SDKROOT)/Developer/Library/Frameworks",
					"$(DEVELOPER_LIBRARY_DIR)/Frameworks",
				);
				GCC_PRECOMPILE_PREFIX_HEADER = YES;
				GCC_PREFIX_HEADER = "OrlenPOBRTests/OrlenPOBRTests-Prefix.pch";
				INFOPLIST_FILE = "OrlenPOBRTests/OrlenPOBRTests-Info.plist";
				OTHER_LDFLAGS = (
					"-framework",
					SenTestingKit,
				);
				PRODUCT_NAME = "$(TARGET_NAME)";
				TEST_HOST = "$(BUNDLE_LOADER)";
				WRAPPER_EXTENSION = octest;
			};
			name = Debug;
		};
		04965F951389A3A70032ADD8 /* Release */ = {
			isa = XCBuildConfiguration;
			buildSettings = {
				ALWAYS_SEARCH_USER_PATHS = NO;
				BUNDLE_LOADER = "$(BUILT_PRODUCTS_DIR)/OrlenPOBR.app/OrlenPOBR";
				FRAMEWORK_SEARCH_PATHS = (
					"$(SDKROOT)/Developer/Library/Frameworks",
					"$(DEVELOPER_LIBRARY_DIR)/Frameworks",
				);
				GCC_PRECOMPILE_PREFIX_HEADER = YES;
				GCC_PREFIX_HEADER = "OrlenPOBRTests/OrlenPOBRTests-Prefix.pch";
				INFOPLIST_FILE = "OrlenPOBRTests/OrlenPOBRTests-Info.plist";
				OTHER_LDFLAGS = (
					"-framework",
					SenTestingKit,
				);
				PRODUCT_NAME = "$(TARGET_NAME)";
				TEST_HOST = "$(BUNDLE_LOADER)";
				WRAPPER_EXTENSION = octest;
			};
			name = Release;
		};
/* End XCBuildConfiguration section */

/* Begin XCConfigurationList section */
		04965F4F1389A3A60032ADD8 /* Build configuration list for PBXProject "OrlenPOBR" */ = {
			isa = XCConfigurationList;
			buildConfigurations = (
				04965F8E1389A3A70032ADD8 /* Debug */,
				04965F8F1389A3A70032ADD8 /* Release */,
			);
			defaultConfigurationIsVisible = 0;
			defaultConfigurationName = Debug;
		};
		04965F901389A3A70032ADD8 /* Build configuration list for PBXNativeTarget "OrlenPOBR" */ = {
			isa = XCConfigurationList;
			buildConfigurations = (
				04965F911389A3A70032ADD8 /* Debug */,
				04965F921389A3A70032ADD8 /* Release */,
			);
			defaultConfigurationIsVisible = 0;
			defaultConfigurationName = Debug;
		};
		04965F931389A3A70032ADD8 /* Build configuration list for PBXNativeTarget "OrlenPOBRTests" */ = {
			isa = XCConfigurationList;
			buildConfigurations = (
				04965F941389A3A70032ADD8 /* Debug */,
				04965F951389A3A70032ADD8 /* Release */,
			);
			defaultConfigurationIsVisible = 0;
			defaultConfigurationName = Debug;
		};
/* End XCConfigurationList section */
	};
	rootObject = 04965F4C1389A3A60032ADD8 /* Project object */;
}
